
Microsoft Visual Studio Solution File, Format Version 12.00
# Visual Studio Version 17
VisualStudioVersion = 17.14.36603.0 d17.14
MinimumVisualStudioVersion = 10.0.40219.1
Project("{FAE04EC0-301F-11D3-BF4B-00C04F79EFBC}") = "KinectApp", "KinectApp\KinectApp.csproj", "{525D85B5-3763-48BE-AFA2-7F48F150CA06}"
EndProject
Global
	GlobalSection(SolutionConfigurationPlatforms) = preSolution
		Debug|Any CPU = Debug|Any CPU
		Release|Any CPU = Release|Any CPU
	EndGlobalSection
	GlobalSection(ProjectConfigurationPlatforms) = postSolution
		{525D85B5-3763-48BE-AFA2-7F48F150CA06}.Debug|Any CPU.ActiveCfg = Debug|Any CPU
		{525D85B5-3763-48BE-AFA2-7F48F150CA06}.Debug|Any CPU.Build.0 = Debug|Any CPU
		{525D85B5-3763-48BE-AFA2-7F48F150CA06}.Release|Any CPU.ActiveCfg = Release|Any CPU
		{525D85B5-3763-48BE-AFA2-7F48F150CA06}.Release|Any CPU.Build.0 = Release|Any CPU
	EndGlobalSection
	GlobalSection(SolutionProperties) = preSolution
		HideSolutionNode = FALSE
	EndGlobalSection
	GlobalSection(ExtensibilityGlobals) = postSolution
		SolutionGuid = {9D5FC87C-B188-4CA4-A1C4-3940E7A6DE17}
	EndGlobalSection
EndGlobal
